Microsoft Visual Studio Solution File, Format Version 11.00
# Visual Studio 2008

Project("{2ADD48A1-0260-E7C6-3F3B-2DA36A4FB480}") = "JogoFisica3D", "Assembly-CSharp-vs.csproj", "{17A3CD84-4AA2-5E4C-80CD-3F9A1E516D96}"
EndProject
Global
	GlobalSection(SolutionConfigurationPlatforms) = preSolution
		Debug|Any CPU = Debug|Any CPU
		Release|Any CPU = Release|Any CPU
	EndGlobalSection
	GlobalSection(ProjectConfigurationPlatforms) = postSolution
		{17A3CD84-4AA2-5E4C-80CD-3F9A1E516D96}.Debug|Any CPU.ActiveCfg = Debug|Any CPU
		{17A3CD84-4AA2-5E4C-80CD-3F9A1E516D96}.Debug|Any CPU.Build.0 = Debug|Any CPU
		{17A3CD84-4AA2-5E4C-80CD-3F9A1E516D96}.Release|Any CPU.ActiveCfg = Release|Any CPU
		{17A3CD84-4AA2-5E4C-80CD-3F9A1E516D96}.Release|Any CPU.Build.0 = Release|Any CPU
	EndGlobalSection
	GlobalSection(SolutionProperties) = preSolution
		HideSolutionNode = FALSE
	EndGlobalSection
					GlobalSection(MonoDevelopProperties) = preSolution
		StartupItem = Assembly-CSharp.csproj
		Policies = $0
		$0.TextStylePolicy = $1
		$1.inheritsSet = null
		$1.scope = text/x-csharp
		$0.CSharpFormattingPolicy = $2
		$2.inheritsSet = Mono
		$2.inheritsScope = text/x-csharp
		$2.scope = text/x-csharp
		$0.TextStylePolicy = $3
		$3.FileWidth = 120
		$3.TabWidth = 4
		$3.IndentWidth = 4
		$3.EolMarker = Unix
		$3.inheritsSet = Mono
		$3.inheritsScope = text/plain
		$3.scope = text/plain
	EndGlobalSection

EndGlobal
